
Microsoft Visual Studio Solution File, Format Version 12.00
# Visual Studio Version 16
VisualStudioVersion = 16.0.30907.101
MinimumVisualStudioVersion = 10.0.40219.1
Project("{FAE04EC0-301F-11D3-BF4B-00C04F79EFBC}") = "TMS.Net07.Homework.DaysOfWeek.Light", "TMS.Net07.Homework.DaysOfWeek.Light.csproj", "{7400E310-377C-402B-ABC3-61B8EEF58688}"
EndProject
Global
	GlobalSection(SolutionConfigurationPlatforms) = preSolution
		Debug|Any CPU = Debug|Any CPU
		Release|Any CPU = Release|Any CPU
	EndGlobalSection
	GlobalSection(ProjectConfigurationPlatforms) = postSolution
		{7400E310-377C-402B-ABC3-61B8EEF58688}.Debug|Any CPU.ActiveCfg = Debug|Any CPU
		{7400E310-377C-402B-ABC3-61B8EEF58688}.Debug|Any CPU.Build.0 = Debug|Any CPU
		{7400E310-377C-402B-ABC3-61B8EEF58688}.Release|Any CPU.ActiveCfg = Release|Any CPU
		{7400E310-377C-402B-ABC3-61B8EEF58688}.Release|Any CPU.Build.0 = Release|Any CPU
	EndGlobalSection
	GlobalSection(SolutionProperties) = preSolution
		HideSolutionNode = FALSE
	EndGlobalSection
	GlobalSection(ExtensibilityGlobals) = postSolution
		SolutionGuid = {837D31AD-BB5B-4535-8612-A5B5259F9B3B}
	EndGlobalSection
EndGlobal
