
Microsoft Visual Studio Solution File, Format Version 12.00
# Visual Studio Version 16
VisualStudioVersion = 16.0.30907.101
MinimumVisualStudioVersion = 10.0.40219.1
Project("{FAE04EC0-301F-11D3-BF4B-00C04F79EFBC}") = "TMS.Net07.Homework.Shapes.Light", "TMS.Net07.Homework.Shapes.Light.csproj", "{046FD297-9001-453C-8C28-E94C55733CA3}"
EndProject
Global
	GlobalSection(SolutionConfigurationPlatforms) = preSolution
		Debug|Any CPU = Debug|Any CPU
		Release|Any CPU = Release|Any CPU
	EndGlobalSection
	GlobalSection(ProjectConfigurationPlatforms) = postSolution
		{046FD297-9001-453C-8C28-E94C55733CA3}.Debug|Any CPU.ActiveCfg = Debug|Any CPU
		{046FD297-9001-453C-8C28-E94C55733CA3}.Debug|Any CPU.Build.0 = Debug|Any CPU
		{046FD297-9001-453C-8C28-E94C55733CA3}.Release|Any CPU.ActiveCfg = Release|Any CPU
		{046FD297-9001-453C-8C28-E94C55733CA3}.Release|Any CPU.Build.0 = Release|Any CPU
	EndGlobalSection
	GlobalSection(SolutionProperties) = preSolution
		HideSolutionNode = FALSE
	EndGlobalSection
	GlobalSection(ExtensibilityGlobals) = postSolution
		SolutionGuid = {BCF3151E-3E57-4251-8833-7A4A20AFDD12}
	EndGlobalSection
EndGlobal
