
Microsoft Visual Studio Solution File, Format Version 12.00
# Visual Studio Version 16
VisualStudioVersion = 16.0.30907.101
MinimumVisualStudioVersion = 10.0.40219.1
Project("{FAE04EC0-301F-11D3-BF4B-00C04F79EFBC}") = "TMS.Net07.Homework.Calculator.Medium", "TMS.Net07.Homework.Calculator.Medium.csproj", "{7F6929BC-AFF1-4CC1-AB77-E98E5B9B8E1C}"
EndProject
Global
	GlobalSection(SolutionConfigurationPlatforms) = preSolution
		Debug|Any CPU = Debug|Any CPU
		Release|Any CPU = Release|Any CPU
	EndGlobalSection
	GlobalSection(ProjectConfigurationPlatforms) = postSolution
		{7F6929BC-AFF1-4CC1-AB77-E98E5B9B8E1C}.Debug|Any CPU.ActiveCfg = Debug|Any CPU
		{7F6929BC-AFF1-4CC1-AB77-E98E5B9B8E1C}.Debug|Any CPU.Build.0 = Debug|Any CPU
		{7F6929BC-AFF1-4CC1-AB77-E98E5B9B8E1C}.Release|Any CPU.ActiveCfg = Release|Any CPU
		{7F6929BC-AFF1-4CC1-AB77-E98E5B9B8E1C}.Release|Any CPU.Build.0 = Release|Any CPU
	EndGlobalSection
	GlobalSection(SolutionProperties) = preSolution
		HideSolutionNode = FALSE
	EndGlobalSection
	GlobalSection(ExtensibilityGlobals) = postSolution
		SolutionGuid = {B2975080-E53D-4841-8031-E18B78943F1B}
	EndGlobalSection
EndGlobal
