
Microsoft Visual Studio Solution File, Format Version 12.00
# Visual Studio Version 16
VisualStudioVersion = 16.0.30907.101
MinimumVisualStudioVersion = 10.0.40219.1
Project("{FAE04EC0-301F-11D3-BF4B-00C04F79EFBC}") = "TMS.Net07.Homework.Calculator.Additional", "TMS.Net07.Homework.Calculator.Additional.csproj", "{B028FE89-A9F5-419B-BD65-945588B50878}"
EndProject
Global
	GlobalSection(SolutionConfigurationPlatforms) = preSolution
		Debug|Any CPU = Debug|Any CPU
		Release|Any CPU = Release|Any CPU
	EndGlobalSection
	GlobalSection(ProjectConfigurationPlatforms) = postSolution
		{B028FE89-A9F5-419B-BD65-945588B50878}.Debug|Any CPU.ActiveCfg = Debug|Any CPU
		{B028FE89-A9F5-419B-BD65-945588B50878}.Debug|Any CPU.Build.0 = Debug|Any CPU
		{B028FE89-A9F5-419B-BD65-945588B50878}.Release|Any CPU.ActiveCfg = Release|Any CPU
		{B028FE89-A9F5-419B-BD65-945588B50878}.Release|Any CPU.Build.0 = Release|Any CPU
	EndGlobalSection
	GlobalSection(SolutionProperties) = preSolution
		HideSolutionNode = FALSE
	EndGlobalSection
	GlobalSection(ExtensibilityGlobals) = postSolution
		SolutionGuid = {73893932-6EEE-42F4-8E60-3509B9565576}
	EndGlobalSection
EndGlobal
